
Microsoft Visual Studio Solution File, Format Version 12.00
# Visual Studio Version 17
VisualStudioVersion = 17.8.34330.188
MinimumVisualStudioVersion = 10.0.40219.1
Project("{FAE04EC0-301F-11D3-BF4B-00C04F79EFBC}") = "p1", "p1.csproj", "{92CCF518-D677-4ABC-8335-F3C83D441D32}"
EndProject
Global
	GlobalSection(SolutionConfigurationPlatforms) = preSolution
		Debug|Any CPU = Debug|Any CPU
		Release|Any CPU = Release|Any CPU
	EndGlobalSection
	GlobalSection(ProjectConfigurationPlatforms) = postSolution
		{92CCF518-D677-4ABC-8335-F3C83D441D32}.Debug|Any CPU.ActiveCfg = Debug|Any CPU
		{92CCF518-D677-4ABC-8335-F3C83D441D32}.Debug|Any CPU.Build.0 = Debug|Any CPU
		{92CCF518-D677-4ABC-8335-F3C83D441D32}.Release|Any CPU.ActiveCfg = Release|Any CPU
		{92CCF518-D677-4ABC-8335-F3C83D441D32}.Release|Any CPU.Build.0 = Release|Any CPU
	EndGlobalSection
	GlobalSection(SolutionProperties) = preSolution
		HideSolutionNode = FALSE
	EndGlobalSection
	GlobalSection(ExtensibilityGlobals) = postSolution
		SolutionGuid = {FC28E3CE-2FE7-4915-BC88-B7F6092AA3D3}
	EndGlobalSection
EndGlobal
